
Microsoft Visual Studio Solution File, Format Version 12.00
# Visual Studio Version 17
VisualStudioVersion = 17.2.32505.173
MinimumVisualStudioVersion = 10.0.40219.1
Project("{FAE04EC0-301F-11D3-BF4B-00C04F79EFBC}") = "ExperimentWithControls", "ExperimentWithControls\ExperimentWithControls.csproj", "{115E3D52-3BFD-4A30-AF42-826305A557CF}"
EndProject
Global
	GlobalSection(SolutionConfigurationPlatforms) = preSolution
		Debug|Any CPU = Debug|Any CPU
		Release|Any CPU = Release|Any CPU
	EndGlobalSection
	GlobalSection(ProjectConfigurationPlatforms) = postSolution
		{115E3D52-3BFD-4A30-AF42-826305A557CF}.Debug|Any CPU.ActiveCfg = Debug|Any CPU
		{115E3D52-3BFD-4A30-AF42-826305A557CF}.Debug|Any CPU.Build.0 = Debug|Any CPU
		{115E3D52-3BFD-4A30-AF42-826305A557CF}.Release|Any CPU.ActiveCfg = Release|Any CPU
		{115E3D52-3BFD-4A30-AF42-826305A557CF}.Release|Any CPU.Build.0 = Release|Any CPU
	EndGlobalSection
	GlobalSection(SolutionProperties) = preSolution
		HideSolutionNode = FALSE
	EndGlobalSection
	GlobalSection(ExtensibilityGlobals) = postSolution
		SolutionGuid = {1D28674B-4F19-4DEA-BB15-D826F56F3D58}
	EndGlobalSection
EndGlobal
